
Microsoft Visual Studio Solution File, Format Version 11.00
# Visual C# Express 2010
Project("{FAE04EC0-301F-11D3-BF4B-00C04F79EFBC}") = "Stasis", "Stasis\Stasis.csproj", "{0B351315-568C-49BD-BCC4-60DE447D87BC}"
EndProject
Global
	GlobalSection(SolutionConfigurationPlatforms) = preSolution
		Debug|Any CPU = Debug|Any CPU
		Release|Any CPU = Release|Any CPU
	EndGlobalSection
	GlobalSection(ProjectConfigurationPlatforms) = postSolution
		{0B351315-568C-49BD-BCC4-60DE447D87BC}.Debug|Any CPU.ActiveCfg = Debug|Any CPU
		{0B351315-568C-49BD-BCC4-60DE447D87BC}.Debug|Any CPU.Build.0 = Debug|Any CPU
		{0B351315-568C-49BD-BCC4-60DE447D87BC}.Debug|Any CPU.Deploy.0 = Debug|Any CPU
		{0B351315-568C-49BD-BCC4-60DE447D87BC}.Release|Any CPU.ActiveCfg = Release|Any CPU
		{0B351315-568C-49BD-BCC4-60DE447D87BC}.Release|Any CPU.Build.0 = Release|Any CPU
		{0B351315-568C-49BD-BCC4-60DE447D87BC}.Release|Any CPU.Deploy.0 = Release|Any CPU
	EndGlobalSection
	GlobalSection(SolutionProperties) = preSolution
		HideSolutionNode = FALSE
	EndGlobalSection
EndGlobal
